# Compatibility constraints for the supported Apple Silicon / Python 3.11 path.
# Pure-Python transitive dependencies remain resolver-managed.
numpy==1.26.4
torch==2.11.0
torchaudio==2.11.0
funasr==1.4.2
modelscope==1.39.1
transformers==5.15.0
PySide6==6.11.1
PySide6-Addons==6.11.1
PySide6-Essentials==6.11.1
shiboken6==6.11.1
pyobjc-framework-Quartz==12.2.2
bleak==3.0.2
asr-decoder==0.1.2
online-fbank==0.0.4
kaldi-native-fbank==1.22.3
pyopenjtalk-plus==0.4.1.post9
websocket-client==1.9.0
opuslib==3.0.1
